
Microsoft Visual Studio Solution File, Format Version 12.00
# Visual Studio 14
VisualStudioVersion = 14.0.25420.1
MinimumVisualStudioVersion = 10.0.40219.1
Project("{8BC9CEB8-8B4A-11D0-8D11-00A0C91BC942}") = "LuaInterpreter", "LuaInterpreter\LuaInterpreter.vcxproj", "{E6F27427-24AA-4850-A7DA-E0FFF1B18EF4}"
EndProject
Project("{8BC9CEB8-8B4A-11D0-8D11-00A0C91BC942}") = "Lua", "..\Lua\Lua\Lua.vcxproj", "{7CAC1F7F-58A6-4ACA-8E8B-5E8D9AB09B6A}"
EndProject
Project("{8BC9CEB8-8B4A-11D0-8D11-00A0C91BC942}") = "LuaInterpreterUnitTest", "LuaInterpreterUnitTest\LuaInterpreterUnitTest.vcxproj", "{CCF8FD73-8BCE-44AF-9608-2FC74E844B1C}"
EndProject
Project("{8BC9CEB8-8B4A-11D0-8D11-00A0C91BC942}") = "MeshData", "..\LoadAssets\MeshData\MeshData.vcxproj", "{E755410A-51F3-4D29-92DE-60C15F3C6F67}"
EndProject
Project("{8BC9CEB8-8B4A-11D0-8D11-00A0C91BC942}") = "TryUnitTestModule", "TryUnitTestModule\TryUnitTestModule.vcxproj", "{8F1166D7-5173-4B58-8B3E-7075847EE810}"
EndProject
Global
	GlobalSection(SolutionConfigurationPlatforms) = preSolution
		Debug|x64 = Debug|x64
		Debug|x86 = Debug|x86
		Release|x64 = Release|x64
		Release|x86 = Release|x86
	EndGlobalSection
	GlobalSection(ProjectConfigurationPlatforms) = postSolution
		{E6F27427-24AA-4850-A7DA-E0FFF1B18EF4}.Debug|x64.ActiveCfg = Debug|x64
		{E6F27427-24AA-4850-A7DA-E0FFF1B18EF4}.Debug|x64.Build.0 = Debug|x64
		{E6F27427-24AA-4850-A7DA-E0FFF1B18EF4}.Debug|x86.ActiveCfg = Debug|Win32
		{E6F27427-24AA-4850-A7DA-E0FFF1B18EF4}.Debug|x86.Build.0 = Debug|Win32
		{E6F27427-24AA-4850-A7DA-E0FFF1B18EF4}.Release|x64.ActiveCfg = Release|x64
		{E6F27427-24AA-4850-A7DA-E0FFF1B18EF4}.Release|x64.Build.0 = Release|x64
		{E6F27427-24AA-4850-A7DA-E0FFF1B18EF4}.Release|x86.ActiveCfg = Release|Win32
		{E6F27427-24AA-4850-A7DA-E0FFF1B18EF4}.Release|x86.Build.0 = Release|Win32
		{7CAC1F7F-58A6-4ACA-8E8B-5E8D9AB09B6A}.Debug|x64.ActiveCfg = Debug|x64
		{7CAC1F7F-58A6-4ACA-8E8B-5E8D9AB09B6A}.Debug|x64.Build.0 = Debug|x64
		{7CAC1F7F-58A6-4ACA-8E8B-5E8D9AB09B6A}.Debug|x86.ActiveCfg = Debug|Win32
		{7CAC1F7F-58A6-4ACA-8E8B-5E8D9AB09B6A}.Debug|x86.Build.0 = Debug|Win32
		{7CAC1F7F-58A6-4ACA-8E8B-5E8D9AB09B6A}.Release|x64.ActiveCfg = Release|x64
		{7CAC1F7F-58A6-4ACA-8E8B-5E8D9AB09B6A}.Release|x64.Build.0 = Release|x64
		{7CAC1F7F-58A6-4ACA-8E8B-5E8D9AB09B6A}.Release|x86.ActiveCfg = Release|Win32
		{7CAC1F7F-58A6-4ACA-8E8B-5E8D9AB09B6A}.Release|x86.Build.0 = Release|Win32
		{CCF8FD73-8BCE-44AF-9608-2FC74E844B1C}.Debug|x64.ActiveCfg = Debug|x64
		{CCF8FD73-8BCE-44AF-9608-2FC74E844B1C}.Debug|x64.Build.0 = Debug|x64
		{CCF8FD73-8BCE-44AF-9608-2FC74E844B1C}.Debug|x86.ActiveCfg = Debug|Win32
		{CCF8FD73-8BCE-44AF-9608-2FC74E844B1C}.Debug|x86.Build.0 = Debug|Win32
		{CCF8FD73-8BCE-44AF-9608-2FC74E844B1C}.Release|x64.ActiveCfg = Release|x64
		{CCF8FD73-8BCE-44AF-9608-2FC74E844B1C}.Release|x64.Build.0 = Release|x64
		{CCF8FD73-8BCE-44AF-9608-2FC74E844B1C}.Release|x86.ActiveCfg = Release|Win32
		{CCF8FD73-8BCE-44AF-9608-2FC74E844B1C}.Release|x86.Build.0 = Release|Win32
		{E755410A-51F3-4D29-92DE-60C15F3C6F67}.Debug|x64.ActiveCfg = Debug|x64
		{E755410A-51F3-4D29-92DE-60C15F3C6F67}.Debug|x64.Build.0 = Debug|x64
		{E755410A-51F3-4D29-92DE-60C15F3C6F67}.Debug|x86.ActiveCfg = Debug|Win32
		{E755410A-51F3-4D29-92DE-60C15F3C6F67}.Debug|x86.Build.0 = Debug|Win32
		{E755410A-51F3-4D29-92DE-60C15F3C6F67}.Release|x64.ActiveCfg = Release|x64
		{E755410A-51F3-4D29-92DE-60C15F3C6F67}.Release|x64.Build.0 = Release|x64
		{E755410A-51F3-4D29-92DE-60C15F3C6F67}.Release|x86.ActiveCfg = Release|Win32
		{E755410A-51F3-4D29-92DE-60C15F3C6F67}.Release|x86.Build.0 = Release|Win32
		{8F1166D7-5173-4B58-8B3E-7075847EE810}.Debug|x64.ActiveCfg = Debug|x64
		{8F1166D7-5173-4B58-8B3E-7075847EE810}.Debug|x64.Build.0 = Debug|x64
		{8F1166D7-5173-4B58-8B3E-7075847EE810}.Debug|x86.ActiveCfg = Debug|Win32
		{8F1166D7-5173-4B58-8B3E-7075847EE810}.Debug|x86.Build.0 = Debug|Win32
		{8F1166D7-5173-4B58-8B3E-7075847EE810}.Release|x64.ActiveCfg = Release|x64
		{8F1166D7-5173-4B58-8B3E-7075847EE810}.Release|x64.Build.0 = Release|x64
		{8F1166D7-5173-4B58-8B3E-7075847EE810}.Release|x86.ActiveCfg = Release|Win32
		{8F1166D7-5173-4B58-8B3E-7075847EE810}.Release|x86.Build.0 = Release|Win32
	EndGlobalSection
	GlobalSection(SolutionProperties) = preSolution
		HideSolutionNode = FALSE
	EndGlobalSection
EndGlobal
